
Microsoft Visual Studio Solution File, Format Version 12.00
# Visual Studio Version 16
VisualStudioVersion = 16.0.30114.105
MinimumVisualStudioVersion = 10.0.40219.1
Project("{FAE04EC0-301F-11D3-BF4B-00C04F79EFBC}") = "MongoDbQueueService", "MongoDbQueueService\MongoDbQueueService.csproj", "{435BBDD8-039B-4DFF-AD79-9B5C6AEF4279}"
EndProject
Project("{FAE04EC0-301F-11D3-BF4B-00C04F79EFBC}") = "WorkerUtilitiesService", "WorkerUtilitiesService\WorkerUtilitiesService.csproj", "{CF23BDDF-9598-4623-829D-02E5E3430A0F}"
EndProject
Project("{FAE04EC0-301F-11D3-BF4B-00C04F79EFBC}") = "MongoDbQueueService.TestBed", "MongoDbQueueService.TestBed\MongoDbQueueService.TestBed.csproj", "{9444D11F-1859-4A58-8FB6-7C97BDB80E27}"
EndProject
Global
	GlobalSection(SolutionConfigurationPlatforms) = preSolution
		Debug|Any CPU = Debug|Any CPU
		Release|Any CPU = Release|Any CPU
	EndGlobalSection
	GlobalSection(SolutionProperties) = preSolution
		HideSolutionNode = FALSE
	EndGlobalSection
	GlobalSection(ProjectConfigurationPlatforms) = postSolution
		{435BBDD8-039B-4DFF-AD79-9B5C6AEF4279}.Debug|Any CPU.ActiveCfg = Debug|Any CPU
		{435BBDD8-039B-4DFF-AD79-9B5C6AEF4279}.Debug|Any CPU.Build.0 = Debug|Any CPU
		{435BBDD8-039B-4DFF-AD79-9B5C6AEF4279}.Release|Any CPU.ActiveCfg = Release|Any CPU
		{435BBDD8-039B-4DFF-AD79-9B5C6AEF4279}.Release|Any CPU.Build.0 = Release|Any CPU
		{CF23BDDF-9598-4623-829D-02E5E3430A0F}.Debug|Any CPU.ActiveCfg = Debug|Any CPU
		{CF23BDDF-9598-4623-829D-02E5E3430A0F}.Debug|Any CPU.Build.0 = Debug|Any CPU
		{CF23BDDF-9598-4623-829D-02E5E3430A0F}.Release|Any CPU.ActiveCfg = Release|Any CPU
		{CF23BDDF-9598-4623-829D-02E5E3430A0F}.Release|Any CPU.Build.0 = Release|Any CPU
		{9444D11F-1859-4A58-8FB6-7C97BDB80E27}.Debug|Any CPU.ActiveCfg = Debug|Any CPU
		{9444D11F-1859-4A58-8FB6-7C97BDB80E27}.Debug|Any CPU.Build.0 = Debug|Any CPU
		{9444D11F-1859-4A58-8FB6-7C97BDB80E27}.Release|Any CPU.ActiveCfg = Release|Any CPU
		{9444D11F-1859-4A58-8FB6-7C97BDB80E27}.Release|Any CPU.Build.0 = Release|Any CPU
	EndGlobalSection
EndGlobal
